
Microsoft Visual Studio Solution File, Format Version 12.00
# Visual Studio Version 17
VisualStudioVersion = 17.8.34322.80
MinimumVisualStudioVersion = 10.0.40219.1
Project("{FAE04EC0-301F-11D3-BF4B-00C04F79EFBC}") = "BookingApp", "BookingApp\BookingApp.csproj", "{BC68B3EC-DE7C-4379-9BBE-38D8495A1057}"
EndProject
Global
	GlobalSection(SolutionConfigurationPlatforms) = preSolution
		Debug|Any CPU = Debug|Any CPU
		Release|Any CPU = Release|Any CPU
	EndGlobalSection
	GlobalSection(ProjectConfigurationPlatforms) = postSolution
		{BC68B3EC-DE7C-4379-9BBE-38D8495A1057}.Debug|Any CPU.ActiveCfg = Debug|Any CPU
		{BC68B3EC-DE7C-4379-9BBE-38D8495A1057}.Debug|Any CPU.Build.0 = Debug|Any CPU
		{BC68B3EC-DE7C-4379-9BBE-38D8495A1057}.Release|Any CPU.ActiveCfg = Release|Any CPU
		{BC68B3EC-DE7C-4379-9BBE-38D8495A1057}.Release|Any CPU.Build.0 = Release|Any CPU
	EndGlobalSection
	GlobalSection(SolutionProperties) = preSolution
		HideSolutionNode = FALSE
	EndGlobalSection
	GlobalSection(ExtensibilityGlobals) = postSolution
		SolutionGuid = {8FFB6265-DB69-4D0F-B999-F6484B53AEB5}
	EndGlobalSection
EndGlobal
